<?xml version="1.0" encoding="utf-8"?>
<Project ToolsVersion="4.0" xmlns="http://schemas.microsoft.com/developer/msbuild/2003">
  <ItemGroup>
    <Filter Include="ソース ファイル">
      <UniqueIdentifier>{4FC737F1-C7A5-4376-A066-2A32D752A2FF}</UniqueIdentifier>
      <Extensions>cpp;c;cc;cxx;def;odl;idl;hpj;bat;asm;asmx</Extensions>
    </Filter>
    <Filter Include="ヘッダー ファイル">
      <UniqueIdentifier>{93995380-89BD-4b04-88EB-625FBE52EBFB}</UniqueIdentifier>
      <Extensions>h;hh;hpp;hxx;hm;inl;inc;ipp;xsd</Extensions>
    </Filter>
    <Filter Include="リソース ファイル">
      <UniqueIdentifier>{67DA6AB6-F800-4c08-8B7A-83BB121AAD01}</UniqueIdentifier>
      <Extensions>rc;ico;cur;bmp;dlg;rc2;rct;bin;rgs;gif;jpg;jpeg;jpe;resx;tiff;tif;png;wav;mfcribbon-ms</Extensions>
    </Filter>
    <Filter Include="ソース ファイル\Objects">
      <UniqueIdentifier>{b61c0fb8-31d3-48b8-b616-ab62d03fd6db}</UniqueIdentifier>
    </Filter>
    <Filter Include="ソース ファイル\Systems">
      <UniqueIdentifier>{5cc48bd9-e2b2-4c13-abec-b8a006b19012}</UniqueIdentifier>
    </Filter>
    <Filter Include="ソース ファイル\Plugins">
      <UniqueIdentifier>{2f46c43b-b63b-49fa-ad7a-eebf9b021be2}</UniqueIdentifier>
    </Filter>
    <Filter Include="ヘッダー ファイル\Objects">
      <UniqueIdentifier>{45f1b454-c5a6-442c-9056-bc694cdcbe2e}</UniqueIdentifier>
    </Filter>
    <Filter Include="ヘッダー ファイル\Systems">
      <UniqueIdentifier>{01ec085a-31b5-461e-874e-0395f2b22b63}</UniqueIdentifier>
    </Filter>
    <Filter Include="ヘッダー ファイル\Plugins">
      <UniqueIdentifier>{573de73f-5403-4560-b607-2f35fb898ea1}</UniqueIdentifier>
    </Filter>
  </ItemGroup>
  <ItemGroup>
    <ClCompile Include="boss.cpp">
      <Filter>ソース ファイル\Objects</Filter>
    </ClCompile>
    <ClCompile Include="enemy.cpp">
      <Filter>ソース ファイル\Objects</Filter>
    </ClCompile>
    <ClCompile Include="explosion.cpp">
      <Filter>ソース ファイル\Objects</Filter>
    </ClCompile>
    <ClCompile Include="player.cpp">
      <Filter>ソース ファイル\Objects</Filter>
    </ClCompile>
    <ClCompile Include="tama.cpp">
      <Filter>ソース ファイル\Objects</Filter>
    </ClCompile>
    <ClCompile Include="item.cpp">
      <Filter>ソース ファイル\Objects</Filter>
    </ClCompile>
    <ClCompile Include="collision.cpp">
      <Filter>ソース ファイル\Systems</Filter>
    </ClCompile>
    <ClCompile Include="fade.cpp">
      <Filter>ソース ファイル\Systems</Filter>
    </ClCompile>
    <ClCompile Include="game.cpp">
      <Filter>ソース ファイル\Systems</Filter>
    </ClCompile>
    <ClCompile Include="main.cpp">
      <Filter>ソース ファイル\Systems</Filter>
    </ClCompile>
    <ClCompile Include="scene.cpp">
      <Filter>ソース ファイル\Systems</Filter>
    </ClCompile>
    <ClCompile Include="scoreboard.cpp">
      <Filter>ソース ファイル\Systems</Filter>
    </ClCompile>
    <ClCompile Include="sprite.cpp">
      <Filter>ソース ファイル\Systems</Filter>
    </ClCompile>
    <ClCompile Include="SpriteAnim.cpp">
      <Filter>ソース ファイル\Systems</Filter>
    </ClCompile>
    <ClCompile Include="texture.cpp">
      <Filter>ソース ファイル\Systems</Filter>
    </ClCompile>
    <ClCompile Include="title.cpp">
      <Filter>ソース ファイル\Systems</Filter>
    </ClCompile>
    <ClCompile Include="debug_font.cpp">
      <Filter>ソース ファイル\Plugins</Filter>
    </ClCompile>
    <ClCompile Include="input.cpp">
      <Filter>ソース ファイル\Plugins</Filter>
    </ClCompile>
    <ClCompile Include="sound.cpp">
      <Filter>ソース ファイル\Plugins</Filter>
    </ClCompile>
    <ClCompile Include="system_timer.cpp">
      <Filter>ソース ファイル\Plugins</Filter>
    </ClCompile>
    <ClCompile Include="mydirect3d.cpp">
      <Filter>ソース ファイル\Systems</Filter>
    </ClCompile>
    <ClCompile Include="result.cpp">
      <Filter>ソース ファイル\Systems</Filter>
    </ClCompile>
    <ClCompile Include="effectpdead.cpp">
      <Filter>ソース ファイル\Objects</Filter>
    </ClCompile>
  </ItemGroup>
  <ItemGroup>
    <ClInclude Include="boss.h">
      <Filter>ヘッダー ファイル\Objects</Filter>
    </ClInclude>
    <ClInclude Include="enemy.h">
      <Filter>ヘッダー ファイル\Objects</Filter>
    </ClInclude>
    <ClInclude Include="player.h">
      <Filter>ヘッダー ファイル\Objects</Filter>
    </ClInclude>
    <ClInclude Include="explosion.h">
      <Filter>ヘッダー ファイル\Objects</Filter>
    </ClInclude>
    <ClInclude Include="item.h">
      <Filter>ヘッダー ファイル\Objects</Filter>
    </ClInclude>
    <ClInclude Include="tama.h">
      <Filter>ヘッダー ファイル\Objects</Filter>
    </ClInclude>
    <ClInclude Include="debug_font.h">
      <Filter>ヘッダー ファイル\Plugins</Filter>
    </ClInclude>
    <ClInclude Include="input.h">
      <Filter>ヘッダー ファイル\Plugins</Filter>
    </ClInclude>
    <ClInclude Include="sound.h">
      <Filter>ヘッダー ファイル\Plugins</Filter>
    </ClInclude>
    <ClInclude Include="system_timer.h">
      <Filter>ヘッダー ファイル\Plugins</Filter>
    </ClInclude>
    <ClInclude Include="SpriteAnim.h">
      <Filter>ヘッダー ファイル\Systems</Filter>
    </ClInclude>
    <ClInclude Include="sprite.h">
      <Filter>ヘッダー ファイル\Systems</Filter>
    </ClInclude>
    <ClInclude Include="scoreboard.h">
      <Filter>ヘッダー ファイル\Systems</Filter>
    </ClInclude>
    <ClInclude Include="scene.h">
      <Filter>ヘッダー ファイル\Systems</Filter>
    </ClInclude>
    <ClInclude Include="result.h">
      <Filter>ヘッダー ファイル\Systems</Filter>
    </ClInclude>
    <ClInclude Include="mydirect3d.h">
      <Filter>ヘッダー ファイル\Systems</Filter>
    </ClInclude>
    <ClInclude Include="main.h">
      <Filter>ヘッダー ファイル\Systems</Filter>
    </ClInclude>
    <ClInclude Include="game.h">
      <Filter>ヘッダー ファイル\Systems</Filter>
    </ClInclude>
    <ClInclude Include="fade.h">
      <Filter>ヘッダー ファイル\Systems</Filter>
    </ClInclude>
    <ClInclude Include="collision.h">
      <Filter>ヘッダー ファイル\Systems</Filter>
    </ClInclude>
    <ClInclude Include="texture.h">
      <Filter>ヘッダー ファイル\Systems</Filter>
    </ClInclude>
    <ClInclude Include="title.h">
      <Filter>ヘッダー ファイル\Systems</Filter>
    </ClInclude>
    <ClInclude Include="effectpdead.h">
      <Filter>ヘッダー ファイル\Objects</Filter>
    </ClInclude>
  </ItemGroup>
</Project>